{
  "name": "playground",
  "version": "1.0.0",
  "lockfileVersion": 2,
  "requires": true,
  "packages": {
    "": {
      "name": "playground",
      "version": "1.0.0",
      "license": "MIT",
      "devDependencies": {
        "micro-vite": "file:../micro-vite"
      }
    },
    "../micro-vite": {
      "version": "0.1.0",
      "dev": true,
      "license": "MIT",
      "dependencies": {
        "cac": "^6.7.12"
      },
      "bin": {
        "micro-vite": "cli.js"
      },
      "devDependencies": {
        "tsup": "^5.12.1"
      }
    },
    "node_modules/micro-vite": {
      "resolved": "../micro-vite",
      "link": true
    }
  },
  "dependencies": {
    "micro-vite": {
      "version": "file:../micro-vite",
      "requires": {
        "cac": "^6.7.12",
        "tsup": "^5.12.1"
      }
    }
  }
}
